
Microsoft Visual Studio Solution File, Format Version 12.00
# Visual Studio Version 16
VisualStudioVersion = 16.0.30711.63
MinimumVisualStudioVersion = 10.0.40219.1
Project("{2150E333-8FDC-42A3-9474-1A3956D46DE8}") = "Services", "Services", "{C5751F1B-D6F8-4FAD-A6FC-38C607DBD1EC}"
EndProject
Project("{2150E333-8FDC-42A3-9474-1A3956D46DE8}") = "Catalog", "Catalog", "{305831FF-9AEA-4BA0-A6BC-0BCEA4E7F9A5}"
EndProject
Project("{FAE04EC0-301F-11D3-BF4B-00C04F79EFBC}") = "Catalog.API", "Services\Catalog\Catalog.API\Catalog.API.csproj", "{15160BC1-531B-469D-8CFC-6C724A5BE905}"
EndProject
Global
	GlobalSection(SolutionConfigurationPlatforms) = preSolution
		Debug|Any CPU = Debug|Any CPU
		Release|Any CPU = Release|Any CPU
	EndGlobalSection
	GlobalSection(ProjectConfigurationPlatforms) = postSolution
		{15160BC1-531B-469D-8CFC-6C724A5BE905}.Debug|Any CPU.ActiveCfg = Debug|Any CPU
		{15160BC1-531B-469D-8CFC-6C724A5BE905}.Debug|Any CPU.Build.0 = Debug|Any CPU
		{15160BC1-531B-469D-8CFC-6C724A5BE905}.Release|Any CPU.ActiveCfg = Release|Any CPU
		{15160BC1-531B-469D-8CFC-6C724A5BE905}.Release|Any CPU.Build.0 = Release|Any CPU
	EndGlobalSection
	GlobalSection(SolutionProperties) = preSolution
		HideSolutionNode = FALSE
	EndGlobalSection
	GlobalSection(NestedProjects) = preSolution
		{305831FF-9AEA-4BA0-A6BC-0BCEA4E7F9A5} = {C5751F1B-D6F8-4FAD-A6FC-38C607DBD1EC}
		{15160BC1-531B-469D-8CFC-6C724A5BE905} = {305831FF-9AEA-4BA0-A6BC-0BCEA4E7F9A5}
	EndGlobalSection
	GlobalSection(ExtensibilityGlobals) = postSolution
		SolutionGuid = {15ADC976-35D6-443C-918F-51868B248C10}
	EndGlobalSection
EndGlobal
